
Microsoft Visual Studio Solution File, Format Version 12.00
# Visual Studio Version 16
VisualStudioVersion = 16.0.31112.23
MinimumVisualStudioVersion = 10.0.40219.1
Project("{FAE04EC0-301F-11D3-BF4B-00C04F79EFBC}") = "Passagem_Referencia", "Passagem_Referencia\Passagem_Referencia.csproj", "{37B32D74-9CF9-4FFF-A1BE-9599E1C03268}"
EndProject
Global
	GlobalSection(SolutionConfigurationPlatforms) = preSolution
		Debug|Any CPU = Debug|Any CPU
		Release|Any CPU = Release|Any CPU
	EndGlobalSection
	GlobalSection(ProjectConfigurationPlatforms) = postSolution
		{37B32D74-9CF9-4FFF-A1BE-9599E1C03268}.Debug|Any CPU.ActiveCfg = Debug|Any CPU
		{37B32D74-9CF9-4FFF-A1BE-9599E1C03268}.Debug|Any CPU.Build.0 = Debug|Any CPU
		{37B32D74-9CF9-4FFF-A1BE-9599E1C03268}.Release|Any CPU.ActiveCfg = Release|Any CPU
		{37B32D74-9CF9-4FFF-A1BE-9599E1C03268}.Release|Any CPU.Build.0 = Release|Any CPU
	EndGlobalSection
	GlobalSection(SolutionProperties) = preSolution
		HideSolutionNode = FALSE
	EndGlobalSection
	GlobalSection(ExtensibilityGlobals) = postSolution
		SolutionGuid = {208EAE0A-EDE8-4097-A837-FE70677FCCDC}
	EndGlobalSection
EndGlobal
