
Microsoft Visual Studio Solution File, Format Version 12.00
# Visual Studio Version 16
VisualStudioVersion = 16.0.31005.135
MinimumVisualStudioVersion = 10.0.40219.1
Project("{FAE04EC0-301F-11D3-BF4B-00C04F79EFBC}") = "Exercicio1", "Exercicio1\Exercicio1.csproj", "{CD458F04-4BA8-4247-804D-323782106B89}"
EndProject
Project("{FAE04EC0-301F-11D3-BF4B-00C04F79EFBC}") = "Exercicio2", "Exercicio2\Exercicio2.csproj", "{334E5A2B-A722-42D3-8F84-E38B577CA2D9}"
EndProject
Project("{FAE04EC0-301F-11D3-BF4B-00C04F79EFBC}") = "Exercicio3", "Exercicio3\Exercicio3.csproj", "{018159B1-280D-4CA1-8C23-A04A90C56867}"
EndProject
Project("{FAE04EC0-301F-11D3-BF4B-00C04F79EFBC}") = "Exercicio4", "Exercicio4\Exercicio4.csproj", "{64D27852-BAB0-4F0A-B63F-784C499714E2}"
EndProject
Project("{FAE04EC0-301F-11D3-BF4B-00C04F79EFBC}") = "Exercicio5", "Exercicio5\Exercicio5.csproj", "{809BCEED-97ED-4879-AE97-7588E4720442}"
EndProject
Project("{FAE04EC0-301F-11D3-BF4B-00C04F79EFBC}") = "Exercicio6", "Exercicio6\Exercicio6.csproj", "{C2AFEB66-EF5A-42AC-BB16-E4094062C2E1}"
EndProject
Project("{FAE04EC0-301F-11D3-BF4B-00C04F79EFBC}") = "Exercicio7", "Exercicio7\Exercicio7.csproj", "{927AB8A6-A5C3-4E64-B315-C3D268C3C187}"
EndProject
Project("{FAE04EC0-301F-11D3-BF4B-00C04F79EFBC}") = "Exercicio8", "Exercicio8\Exercicio8.csproj", "{005416BF-C2D6-4505-9547-4CD95ADD0B14}"
EndProject
Project("{FAE04EC0-301F-11D3-BF4B-00C04F79EFBC}") = "Exercicio9", "Exercicio9\Exercicio9.csproj", "{FA8D5CE2-9E90-4843-8471-2942802CF2A1}"
EndProject
Project("{FAE04EC0-301F-11D3-BF4B-00C04F79EFBC}") = "Exercicio10", "Exercicio10\Exercicio10.csproj", "{08CC8FEA-ED9C-4B99-8D87-5BD0EF4B4732}"
EndProject
Project("{FAE04EC0-301F-11D3-BF4B-00C04F79EFBC}") = "Exercicio12", "Exercicio12\Exercicio12.csproj", "{D77BBF6B-48FF-4995-BA5A-E6A69A619DF8}"
EndProject
Project("{FAE04EC0-301F-11D3-BF4B-00C04F79EFBC}") = "Exercicio13", "Exercicio13\Exercicio13.csproj", "{75177E96-7A25-485A-9086-E31E3DDE78DA}"
EndProject
Project("{FAE04EC0-301F-11D3-BF4B-00C04F79EFBC}") = "Exercicio15", "Exercicio15\Exercicio15.csproj", "{39937E97-E7C4-4092-9DCF-AFCD60B3FF89}"
EndProject
Project("{FAE04EC0-301F-11D3-BF4B-00C04F79EFBC}") = "Exercicio11", "Exercicio11\Exercicio11.csproj", "{D8EFC6CC-7DC6-4FA4-8784-7BC75A381E6F}"
EndProject
Project("{FAE04EC0-301F-11D3-BF4B-00C04F79EFBC}") = "Exercicio14", "Exercicio14\Exercicio14.csproj", "{2918193A-D20F-48AA-8FC5-BB5C8EFF780F}"
EndProject
Project("{FAE04EC0-301F-11D3-BF4B-00C04F79EFBC}") = "Exercicio16", "Exercicio16\Exercicio16.csproj", "{D7EE395B-E032-4A86-A665-0EFDF10E13AF}"
EndProject
Project("{FAE04EC0-301F-11D3-BF4B-00C04F79EFBC}") = "Exercicio17", "Exercicio17\Exercicio17.csproj", "{E3741D8A-2BC4-4AB3-AF82-7051B0C3A0B0}"
EndProject
Project("{FAE04EC0-301F-11D3-BF4B-00C04F79EFBC}") = "Exercicio18", "Exercicio18\Exercicio18.csproj", "{C00E898F-2097-499F-90D9-A272D30BA2F6}"
EndProject
Project("{FAE04EC0-301F-11D3-BF4B-00C04F79EFBC}") = "Exercicio19", "Exercicio19\Exercicio19.csproj", "{03FAD376-0B09-4530-83FD-58B316002CB3}"
EndProject
Project("{FAE04EC0-301F-11D3-BF4B-00C04F79EFBC}") = "Exercicio20", "Exercicio20\Exercicio20.csproj", "{36EDCEF9-36D8-445C-AC2E-CB0A219DFD16}"
EndProject
Project("{FAE04EC0-301F-11D3-BF4B-00C04F79EFBC}") = "Exercicio21", "Exercicio21\Exercicio21.csproj", "{0E37E849-A9E2-4F34-A581-C7C425D9F571}"
EndProject
Project("{FAE04EC0-301F-11D3-BF4B-00C04F79EFBC}") = "Exercicio22", "Exercicio22\Exercicio22.csproj", "{24908E49-4AB5-4493-BD21-6C3B42B9F705}"
EndProject
Project("{FAE04EC0-301F-11D3-BF4B-00C04F79EFBC}") = "Exercicio23", "Exercicio23\Exercicio23.csproj", "{786171FF-17B3-4CDF-8122-0EEC5BFC3EDF}"
EndProject
Project("{FAE04EC0-301F-11D3-BF4B-00C04F79EFBC}") = "Exercicio24", "Exercicio24\Exercicio24.csproj", "{3CF8DF36-C9C6-484E-8681-966C419911B1}"
EndProject
Project("{FAE04EC0-301F-11D3-BF4B-00C04F79EFBC}") = "Exercicio25", "Exercicio25\Exercicio25.csproj", "{E3432426-9148-4797-B748-C748A0668F02}"
EndProject
Project("{FAE04EC0-301F-11D3-BF4B-00C04F79EFBC}") = "Exercicio26", "Exercicio26\Exercicio26.csproj", "{5D98AFFC-5F0D-40DA-A564-F0C37C3D10AE}"
EndProject
Project("{FAE04EC0-301F-11D3-BF4B-00C04F79EFBC}") = "Exercicio27", "Exercicio27\Exercicio27.csproj", "{1006DF59-11C1-4C4D-89F3-5CCC8EE05C4B}"
EndProject
Project("{FAE04EC0-301F-11D3-BF4B-00C04F79EFBC}") = "Exercicio28", "Exercicio28\Exercicio28.csproj", "{C0DF2008-657B-4A40-9601-97910EEBD8CE}"
EndProject
Project("{FAE04EC0-301F-11D3-BF4B-00C04F79EFBC}") = "Exercicio29", "Exercicio29\Exercicio29.csproj", "{02DBD77F-2E2A-4DBA-BD13-17D3BC01E8CC}"
EndProject
Project("{FAE04EC0-301F-11D3-BF4B-00C04F79EFBC}") = "Exercicio30", "Exercicio30\Exercicio30.csproj", "{7CE089BA-A166-4083-9C75-E0D4BDD73986}"
EndProject
Project("{FAE04EC0-301F-11D3-BF4B-00C04F79EFBC}") = "Exercicio31", "Exercicio31\Exercicio31.csproj", "{6B8BB3EC-CDFB-4350-84D3-FF189F93D180}"
EndProject
Project("{FAE04EC0-301F-11D3-BF4B-00C04F79EFBC}") = "Exercicio32", "Exercicio32\Exercicio32.csproj", "{358D07C6-6455-4A5D-8F53-299E687A58D2}"
EndProject
Project("{FAE04EC0-301F-11D3-BF4B-00C04F79EFBC}") = "Exercicio33", "Exercicio33\Exercicio33.csproj", "{855E6984-FCCE-444D-B2DF-5C17FE603973}"
EndProject
Project("{FAE04EC0-301F-11D3-BF4B-00C04F79EFBC}") = "Exercicio34", "Exercicio34\Exercicio34.csproj", "{6802B8AA-E107-4DC8-A5B2-98695FBDE10B}"
EndProject
Project("{FAE04EC0-301F-11D3-BF4B-00C04F79EFBC}") = "Exercicio35", "Exercicio35\Exercicio35.csproj", "{DA8D389C-3009-4FE4-97DA-251AF4A5DDDB}"
EndProject
Global
	GlobalSection(SolutionConfigurationPlatforms) = preSolution
		Debug|Any CPU = Debug|Any CPU
		Release|Any CPU = Release|Any CPU
	EndGlobalSection
	GlobalSection(ProjectConfigurationPlatforms) = postSolution
		{CD458F04-4BA8-4247-804D-323782106B89}.Debug|Any CPU.ActiveCfg = Debug|Any CPU
		{CD458F04-4BA8-4247-804D-323782106B89}.Debug|Any CPU.Build.0 = Debug|Any CPU
		{CD458F04-4BA8-4247-804D-323782106B89}.Release|Any CPU.ActiveCfg = Release|Any CPU
		{CD458F04-4BA8-4247-804D-323782106B89}.Release|Any CPU.Build.0 = Release|Any CPU
		{334E5A2B-A722-42D3-8F84-E38B577CA2D9}.Debug|Any CPU.ActiveCfg = Debug|Any CPU
		{334E5A2B-A722-42D3-8F84-E38B577CA2D9}.Debug|Any CPU.Build.0 = Debug|Any CPU
		{334E5A2B-A722-42D3-8F84-E38B577CA2D9}.Release|Any CPU.ActiveCfg = Release|Any CPU
		{334E5A2B-A722-42D3-8F84-E38B577CA2D9}.Release|Any CPU.Build.0 = Release|Any CPU
		{018159B1-280D-4CA1-8C23-A04A90C56867}.Debug|Any CPU.ActiveCfg = Debug|Any CPU
		{018159B1-280D-4CA1-8C23-A04A90C56867}.Debug|Any CPU.Build.0 = Debug|Any CPU
		{018159B1-280D-4CA1-8C23-A04A90C56867}.Release|Any CPU.ActiveCfg = Release|Any CPU
		{018159B1-280D-4CA1-8C23-A04A90C56867}.Release|Any CPU.Build.0 = Release|Any CPU
		{64D27852-BAB0-4F0A-B63F-784C499714E2}.Debug|Any CPU.ActiveCfg = Debug|Any CPU
		{64D27852-BAB0-4F0A-B63F-784C499714E2}.Debug|Any CPU.Build.0 = Debug|Any CPU
		{64D27852-BAB0-4F0A-B63F-784C499714E2}.Release|Any CPU.ActiveCfg = Release|Any CPU
		{64D27852-BAB0-4F0A-B63F-784C499714E2}.Release|Any CPU.Build.0 = Release|Any CPU
		{809BCEED-97ED-4879-AE97-7588E4720442}.Debug|Any CPU.ActiveCfg = Debug|Any CPU
		{809BCEED-97ED-4879-AE97-7588E4720442}.Debug|Any CPU.Build.0 = Debug|Any CPU
		{809BCEED-97ED-4879-AE97-7588E4720442}.Release|Any CPU.ActiveCfg = Release|Any CPU
		{809BCEED-97ED-4879-AE97-7588E4720442}.Release|Any CPU.Build.0 = Release|Any CPU
		{C2AFEB66-EF5A-42AC-BB16-E4094062C2E1}.Debug|Any CPU.ActiveCfg = Debug|Any CPU
		{C2AFEB66-EF5A-42AC-BB16-E4094062C2E1}.Debug|Any CPU.Build.0 = Debug|Any CPU
		{C2AFEB66-EF5A-42AC-BB16-E4094062C2E1}.Release|Any CPU.ActiveCfg = Release|Any CPU
		{C2AFEB66-EF5A-42AC-BB16-E4094062C2E1}.Release|Any CPU.Build.0 = Release|Any CPU
		{927AB8A6-A5C3-4E64-B315-C3D268C3C187}.Debug|Any CPU.ActiveCfg = Debug|Any CPU
		{927AB8A6-A5C3-4E64-B315-C3D268C3C187}.Debug|Any CPU.Build.0 = Debug|Any CPU
		{927AB8A6-A5C3-4E64-B315-C3D268C3C187}.Release|Any CPU.ActiveCfg = Release|Any CPU
		{927AB8A6-A5C3-4E64-B315-C3D268C3C187}.Release|Any CPU.Build.0 = Release|Any CPU
		{005416BF-C2D6-4505-9547-4CD95ADD0B14}.Debug|Any CPU.ActiveCfg = Debug|Any CPU
		{005416BF-C2D6-4505-9547-4CD95ADD0B14}.Debug|Any CPU.Build.0 = Debug|Any CPU
		{005416BF-C2D6-4505-9547-4CD95ADD0B14}.Release|Any CPU.ActiveCfg = Release|Any CPU
		{005416BF-C2D6-4505-9547-4CD95ADD0B14}.Release|Any CPU.Build.0 = Release|Any CPU
		{FA8D5CE2-9E90-4843-8471-2942802CF2A1}.Debug|Any CPU.ActiveCfg = Debug|Any CPU
		{FA8D5CE2-9E90-4843-8471-2942802CF2A1}.Debug|Any CPU.Build.0 = Debug|Any CPU
		{FA8D5CE2-9E90-4843-8471-2942802CF2A1}.Release|Any CPU.ActiveCfg = Release|Any CPU
		{FA8D5CE2-9E90-4843-8471-2942802CF2A1}.Release|Any CPU.Build.0 = Release|Any CPU
		{08CC8FEA-ED9C-4B99-8D87-5BD0EF4B4732}.Debug|Any CPU.ActiveCfg = Debug|Any CPU
		{08CC8FEA-ED9C-4B99-8D87-5BD0EF4B4732}.Debug|Any CPU.Build.0 = Debug|Any CPU
		{08CC8FEA-ED9C-4B99-8D87-5BD0EF4B4732}.Release|Any CPU.ActiveCfg = Release|Any CPU
		{08CC8FEA-ED9C-4B99-8D87-5BD0EF4B4732}.Release|Any CPU.Build.0 = Release|Any CPU
		{D77BBF6B-48FF-4995-BA5A-E6A69A619DF8}.Debug|Any CPU.ActiveCfg = Debug|Any CPU
		{D77BBF6B-48FF-4995-BA5A-E6A69A619DF8}.Debug|Any CPU.Build.0 = Debug|Any CPU
		{D77BBF6B-48FF-4995-BA5A-E6A69A619DF8}.Release|Any CPU.ActiveCfg = Release|Any CPU
		{D77BBF6B-48FF-4995-BA5A-E6A69A619DF8}.Release|Any CPU.Build.0 = Release|Any CPU
		{75177E96-7A25-485A-9086-E31E3DDE78DA}.Debug|Any CPU.ActiveCfg = Debug|Any CPU
		{75177E96-7A25-485A-9086-E31E3DDE78DA}.Debug|Any CPU.Build.0 = Debug|Any CPU
		{75177E96-7A25-485A-9086-E31E3DDE78DA}.Release|Any CPU.ActiveCfg = Release|Any CPU
		{75177E96-7A25-485A-9086-E31E3DDE78DA}.Release|Any CPU.Build.0 = Release|Any CPU
		{39937E97-E7C4-4092-9DCF-AFCD60B3FF89}.Debug|Any CPU.ActiveCfg = Debug|Any CPU
		{39937E97-E7C4-4092-9DCF-AFCD60B3FF89}.Debug|Any CPU.Build.0 = Debug|Any CPU
		{39937E97-E7C4-4092-9DCF-AFCD60B3FF89}.Release|Any CPU.ActiveCfg = Release|Any CPU
		{39937E97-E7C4-4092-9DCF-AFCD60B3FF89}.Release|Any CPU.Build.0 = Release|Any CPU
		{D8EFC6CC-7DC6-4FA4-8784-7BC75A381E6F}.Debug|Any CPU.ActiveCfg = Debug|Any CPU
		{D8EFC6CC-7DC6-4FA4-8784-7BC75A381E6F}.Debug|Any CPU.Build.0 = Debug|Any CPU
		{D8EFC6CC-7DC6-4FA4-8784-7BC75A381E6F}.Release|Any CPU.ActiveCfg = Release|Any CPU
		{D8EFC6CC-7DC6-4FA4-8784-7BC75A381E6F}.Release|Any CPU.Build.0 = Release|Any CPU
		{2918193A-D20F-48AA-8FC5-BB5C8EFF780F}.Debug|Any CPU.ActiveCfg = Debug|Any CPU
		{2918193A-D20F-48AA-8FC5-BB5C8EFF780F}.Debug|Any CPU.Build.0 = Debug|Any CPU
		{2918193A-D20F-48AA-8FC5-BB5C8EFF780F}.Release|Any CPU.ActiveCfg = Release|Any CPU
		{2918193A-D20F-48AA-8FC5-BB5C8EFF780F}.Release|Any CPU.Build.0 = Release|Any CPU
		{D7EE395B-E032-4A86-A665-0EFDF10E13AF}.Debug|Any CPU.ActiveCfg = Debug|Any CPU
		{D7EE395B-E032-4A86-A665-0EFDF10E13AF}.Debug|Any CPU.Build.0 = Debug|Any CPU
		{D7EE395B-E032-4A86-A665-0EFDF10E13AF}.Release|Any CPU.ActiveCfg = Release|Any CPU
		{D7EE395B-E032-4A86-A665-0EFDF10E13AF}.Release|Any CPU.Build.0 = Release|Any CPU
		{E3741D8A-2BC4-4AB3-AF82-7051B0C3A0B0}.Debug|Any CPU.ActiveCfg = Debug|Any CPU
		{E3741D8A-2BC4-4AB3-AF82-7051B0C3A0B0}.Debug|Any CPU.Build.0 = Debug|Any CPU
		{E3741D8A-2BC4-4AB3-AF82-7051B0C3A0B0}.Release|Any CPU.ActiveCfg = Release|Any CPU
		{E3741D8A-2BC4-4AB3-AF82-7051B0C3A0B0}.Release|Any CPU.Build.0 = Release|Any CPU
		{C00E898F-2097-499F-90D9-A272D30BA2F6}.Debug|Any CPU.ActiveCfg = Debug|Any CPU
		{C00E898F-2097-499F-90D9-A272D30BA2F6}.Debug|Any CPU.Build.0 = Debug|Any CPU
		{C00E898F-2097-499F-90D9-A272D30BA2F6}.Release|Any CPU.ActiveCfg = Release|Any CPU
		{C00E898F-2097-499F-90D9-A272D30BA2F6}.Release|Any CPU.Build.0 = Release|Any CPU
		{03FAD376-0B09-4530-83FD-58B316002CB3}.Debug|Any CPU.ActiveCfg = Debug|Any CPU
		{03FAD376-0B09-4530-83FD-58B316002CB3}.Debug|Any CPU.Build.0 = Debug|Any CPU
		{03FAD376-0B09-4530-83FD-58B316002CB3}.Release|Any CPU.ActiveCfg = Release|Any CPU
		{03FAD376-0B09-4530-83FD-58B316002CB3}.Release|Any CPU.Build.0 = Release|Any CPU
		{36EDCEF9-36D8-445C-AC2E-CB0A219DFD16}.Debug|Any CPU.ActiveCfg = Debug|Any CPU
		{36EDCEF9-36D8-445C-AC2E-CB0A219DFD16}.Debug|Any CPU.Build.0 = Debug|Any CPU
		{36EDCEF9-36D8-445C-AC2E-CB0A219DFD16}.Release|Any CPU.ActiveCfg = Release|Any CPU
		{36EDCEF9-36D8-445C-AC2E-CB0A219DFD16}.Release|Any CPU.Build.0 = Release|Any CPU
		{0E37E849-A9E2-4F34-A581-C7C425D9F571}.Debug|Any CPU.ActiveCfg = Debug|Any CPU
		{0E37E849-A9E2-4F34-A581-C7C425D9F571}.Debug|Any CPU.Build.0 = Debug|Any CPU
		{0E37E849-A9E2-4F34-A581-C7C425D9F571}.Release|Any CPU.ActiveCfg = Release|Any CPU
		{0E37E849-A9E2-4F34-A581-C7C425D9F571}.Release|Any CPU.Build.0 = Release|Any CPU
		{24908E49-4AB5-4493-BD21-6C3B42B9F705}.Debug|Any CPU.ActiveCfg = Debug|Any CPU
		{24908E49-4AB5-4493-BD21-6C3B42B9F705}.Debug|Any CPU.Build.0 = Debug|Any CPU
		{24908E49-4AB5-4493-BD21-6C3B42B9F705}.Release|Any CPU.ActiveCfg = Release|Any CPU
		{24908E49-4AB5-4493-BD21-6C3B42B9F705}.Release|Any CPU.Build.0 = Release|Any CPU
		{786171FF-17B3-4CDF-8122-0EEC5BFC3EDF}.Debug|Any CPU.ActiveCfg = Debug|Any CPU
		{786171FF-17B3-4CDF-8122-0EEC5BFC3EDF}.Debug|Any CPU.Build.0 = Debug|Any CPU
		{786171FF-17B3-4CDF-8122-0EEC5BFC3EDF}.Release|Any CPU.ActiveCfg = Release|Any CPU
		{786171FF-17B3-4CDF-8122-0EEC5BFC3EDF}.Release|Any CPU.Build.0 = Release|Any CPU
		{3CF8DF36-C9C6-484E-8681-966C419911B1}.Debug|Any CPU.ActiveCfg = Debug|Any CPU
		{3CF8DF36-C9C6-484E-8681-966C419911B1}.Debug|Any CPU.Build.0 = Debug|Any CPU
		{3CF8DF36-C9C6-484E-8681-966C419911B1}.Release|Any CPU.ActiveCfg = Release|Any CPU
		{3CF8DF36-C9C6-484E-8681-966C419911B1}.Release|Any CPU.Build.0 = Release|Any CPU
		{E3432426-9148-4797-B748-C748A0668F02}.Debug|Any CPU.ActiveCfg = Debug|Any CPU
		{E3432426-9148-4797-B748-C748A0668F02}.Debug|Any CPU.Build.0 = Debug|Any CPU
		{E3432426-9148-4797-B748-C748A0668F02}.Release|Any CPU.ActiveCfg = Release|Any CPU
		{E3432426-9148-4797-B748-C748A0668F02}.Release|Any CPU.Build.0 = Release|Any CPU
		{5D98AFFC-5F0D-40DA-A564-F0C37C3D10AE}.Debug|Any CPU.ActiveCfg = Debug|Any CPU
		{5D98AFFC-5F0D-40DA-A564-F0C37C3D10AE}.Debug|Any CPU.Build.0 = Debug|Any CPU
		{5D98AFFC-5F0D-40DA-A564-F0C37C3D10AE}.Release|Any CPU.ActiveCfg = Release|Any CPU
		{5D98AFFC-5F0D-40DA-A564-F0C37C3D10AE}.Release|Any CPU.Build.0 = Release|Any CPU
		{1006DF59-11C1-4C4D-89F3-5CCC8EE05C4B}.Debug|Any CPU.ActiveCfg = Debug|Any CPU
		{1006DF59-11C1-4C4D-89F3-5CCC8EE05C4B}.Debug|Any CPU.Build.0 = Debug|Any CPU
		{1006DF59-11C1-4C4D-89F3-5CCC8EE05C4B}.Release|Any CPU.ActiveCfg = Release|Any CPU
		{1006DF59-11C1-4C4D-89F3-5CCC8EE05C4B}.Release|Any CPU.Build.0 = Release|Any CPU
		{C0DF2008-657B-4A40-9601-97910EEBD8CE}.Debug|Any CPU.ActiveCfg = Debug|Any CPU
		{C0DF2008-657B-4A40-9601-97910EEBD8CE}.Debug|Any CPU.Build.0 = Debug|Any CPU
		{C0DF2008-657B-4A40-9601-97910EEBD8CE}.Release|Any CPU.ActiveCfg = Release|Any CPU
		{C0DF2008-657B-4A40-9601-97910EEBD8CE}.Release|Any CPU.Build.0 = Release|Any CPU
		{02DBD77F-2E2A-4DBA-BD13-17D3BC01E8CC}.Debug|Any CPU.ActiveCfg = Debug|Any CPU
		{02DBD77F-2E2A-4DBA-BD13-17D3BC01E8CC}.Debug|Any CPU.Build.0 = Debug|Any CPU
		{02DBD77F-2E2A-4DBA-BD13-17D3BC01E8CC}.Release|Any CPU.ActiveCfg = Release|Any CPU
		{02DBD77F-2E2A-4DBA-BD13-17D3BC01E8CC}.Release|Any CPU.Build.0 = Release|Any CPU
		{7CE089BA-A166-4083-9C75-E0D4BDD73986}.Debug|Any CPU.ActiveCfg = Debug|Any CPU
		{7CE089BA-A166-4083-9C75-E0D4BDD73986}.Debug|Any CPU.Build.0 = Debug|Any CPU
		{7CE089BA-A166-4083-9C75-E0D4BDD73986}.Release|Any CPU.ActiveCfg = Release|Any CPU
		{7CE089BA-A166-4083-9C75-E0D4BDD73986}.Release|Any CPU.Build.0 = Release|Any CPU
		{6B8BB3EC-CDFB-4350-84D3-FF189F93D180}.Debug|Any CPU.ActiveCfg = Debug|Any CPU
		{6B8BB3EC-CDFB-4350-84D3-FF189F93D180}.Debug|Any CPU.Build.0 = Debug|Any CPU
		{6B8BB3EC-CDFB-4350-84D3-FF189F93D180}.Release|Any CPU.ActiveCfg = Release|Any CPU
		{6B8BB3EC-CDFB-4350-84D3-FF189F93D180}.Release|Any CPU.Build.0 = Release|Any CPU
		{358D07C6-6455-4A5D-8F53-299E687A58D2}.Debug|Any CPU.ActiveCfg = Debug|Any CPU
		{358D07C6-6455-4A5D-8F53-299E687A58D2}.Debug|Any CPU.Build.0 = Debug|Any CPU
		{358D07C6-6455-4A5D-8F53-299E687A58D2}.Release|Any CPU.ActiveCfg = Release|Any CPU
		{358D07C6-6455-4A5D-8F53-299E687A58D2}.Release|Any CPU.Build.0 = Release|Any CPU
		{855E6984-FCCE-444D-B2DF-5C17FE603973}.Debug|Any CPU.ActiveCfg = Debug|Any CPU
		{855E6984-FCCE-444D-B2DF-5C17FE603973}.Debug|Any CPU.Build.0 = Debug|Any CPU
		{855E6984-FCCE-444D-B2DF-5C17FE603973}.Release|Any CPU.ActiveCfg = Release|Any CPU
		{855E6984-FCCE-444D-B2DF-5C17FE603973}.Release|Any CPU.Build.0 = Release|Any CPU
		{6802B8AA-E107-4DC8-A5B2-98695FBDE10B}.Debug|Any CPU.ActiveCfg = Debug|Any CPU
		{6802B8AA-E107-4DC8-A5B2-98695FBDE10B}.Debug|Any CPU.Build.0 = Debug|Any CPU
		{6802B8AA-E107-4DC8-A5B2-98695FBDE10B}.Release|Any CPU.ActiveCfg = Release|Any CPU
		{6802B8AA-E107-4DC8-A5B2-98695FBDE10B}.Release|Any CPU.Build.0 = Release|Any CPU
		{DA8D389C-3009-4FE4-97DA-251AF4A5DDDB}.Debug|Any CPU.ActiveCfg = Debug|Any CPU
		{DA8D389C-3009-4FE4-97DA-251AF4A5DDDB}.Debug|Any CPU.Build.0 = Debug|Any CPU
		{DA8D389C-3009-4FE4-97DA-251AF4A5DDDB}.Release|Any CPU.ActiveCfg = Release|Any CPU
		{DA8D389C-3009-4FE4-97DA-251AF4A5DDDB}.Release|Any CPU.Build.0 = Release|Any CPU
	EndGlobalSection
	GlobalSection(SolutionProperties) = preSolution
		HideSolutionNode = FALSE
	EndGlobalSection
	GlobalSection(ExtensibilityGlobals) = postSolution
		SolutionGuid = {60991188-5160-4F44-8C23-D243D1CF2F40}
	EndGlobalSection
EndGlobal
