
Microsoft Visual Studio Solution File, Format Version 12.00
# Visual Studio Version 16
VisualStudioVersion = 16.0.31112.23
MinimumVisualStudioVersion = 10.0.40219.1
Project("{9A19103F-16F7-4668-BE54-9A1E7A4F7556}") = "Exercicio1", "AtividePagina9\Exercicio1.csproj", "{C6121B5F-FA24-40C0-9EA1-68FA74DC4F5F}"
EndProject
Project("{9A19103F-16F7-4668-BE54-9A1E7A4F7556}") = "Exercicio2", "Exercicio2\Exercicio2.csproj", "{29D6EB02-AAEE-416B-B1DC-43F8E5A53913}"
EndProject
Project("{9A19103F-16F7-4668-BE54-9A1E7A4F7556}") = "Exercicio3", "Exercicio3\Exercicio3.csproj", "{85319DE7-40A4-4F34-BF21-2D0D1FAF7F1E}"
EndProject
Project("{9A19103F-16F7-4668-BE54-9A1E7A4F7556}") = "Exercicio4", "Exercicio4\Exercicio4.csproj", "{E9C11617-32DB-4083-A858-FBDCDDB91B32}"
EndProject
Project("{9A19103F-16F7-4668-BE54-9A1E7A4F7556}") = "Exercicio5", "Exercicio5\Exercicio5.csproj", "{C926CBB9-1016-4301-B1FA-C804C31B3CF7}"
EndProject
Project("{9A19103F-16F7-4668-BE54-9A1E7A4F7556}") = "Exercicio6", "Exercicio6\Exercicio6.csproj", "{56351948-2A30-461D-A542-CF3600B7B88B}"
EndProject
Project("{9A19103F-16F7-4668-BE54-9A1E7A4F7556}") = "Exercicio7", "Exercicio7\Exercicio7.csproj", "{479B782B-5884-4B5A-9DC0-D9B0DA131FA6}"
EndProject
Project("{9A19103F-16F7-4668-BE54-9A1E7A4F7556}") = "Exercicio8", "Exercicio8\Exercicio8.csproj", "{916F0A4A-0B5C-46B2-AF7F-2BE049268F37}"
EndProject
Project("{9A19103F-16F7-4668-BE54-9A1E7A4F7556}") = "Exercicio9", "Exercicio9\Exercicio9.csproj", "{51C14D7A-122E-44DE-9044-E1660728781E}"
EndProject
Project("{9A19103F-16F7-4668-BE54-9A1E7A4F7556}") = "Exercicio10", "Exercicio10\Exercicio10.csproj", "{BBCCC56F-F7F3-4105-ACA4-53EB1519E953}"
EndProject
Project("{9A19103F-16F7-4668-BE54-9A1E7A4F7556}") = "Exercicio11", "Exercicio11\Exercicio11.csproj", "{7BAA0DA8-C509-4E6D-A609-B7A8FB0DEC67}"
EndProject
Project("{9A19103F-16F7-4668-BE54-9A1E7A4F7556}") = "Exercicio12", "Exercicio12\Exercicio12.csproj", "{60F3CF7C-E1AB-4865-AB6D-FEB1568C93D4}"
EndProject
Project("{9A19103F-16F7-4668-BE54-9A1E7A4F7556}") = "Exercicio13", "Exercicio13\Exercicio13.csproj", "{B2862FB0-668B-40EA-A930-21309F052843}"
EndProject
Project("{9A19103F-16F7-4668-BE54-9A1E7A4F7556}") = "Exercicio14", "Exercicio14\Exercicio14.csproj", "{9FECF590-AF94-428C-8B52-30AB29325653}"
EndProject
Project("{9A19103F-16F7-4668-BE54-9A1E7A4F7556}") = "Exercicio15", "Exercicio15\Exercicio15.csproj", "{5A790348-1DE3-4090-942A-999050FC1CD0}"
EndProject
Project("{9A19103F-16F7-4668-BE54-9A1E7A4F7556}") = "Exercicio16", "Exercicio16\Exercicio16.csproj", "{CF049AD0-BB75-402C-AD62-7B2CDB28DFDE}"
EndProject
Project("{9A19103F-16F7-4668-BE54-9A1E7A4F7556}") = "Exercicio17", "Exercicio17\Exercicio17.csproj", "{427B29D9-AA4C-4D46-B3AA-4742C7D9D93D}"
EndProject
Project("{9A19103F-16F7-4668-BE54-9A1E7A4F7556}") = "Exercicio18", "Exercicio18\Exercicio18.csproj", "{A49DEF10-3F0B-46BD-8A98-592D86F0087A}"
EndProject
Project("{9A19103F-16F7-4668-BE54-9A1E7A4F7556}") = "Exercicio19", "Exercicio19\Exercicio19.csproj", "{F32CC35A-2F6F-4404-8443-BFD90224E4D0}"
EndProject
Project("{9A19103F-16F7-4668-BE54-9A1E7A4F7556}") = "Exercicio20", "Exercicio20\Exercicio20.csproj", "{683D3E62-4485-474F-A8B2-DA717213B2E6}"
EndProject
Project("{FAE04EC0-301F-11D3-BF4B-00C04F79EFBC}") = "Exercicio21", "Exercicio21\Exercicio21.csproj", "{01902F4E-4914-4A52-B8CD-5A7C58C2E314}"
EndProject
Project("{FAE04EC0-301F-11D3-BF4B-00C04F79EFBC}") = "Exercicio22", "Exercicio22\Exercicio22.csproj", "{22533D8D-E082-4761-AE1E-572B1E1AE152}"
EndProject
Project("{FAE04EC0-301F-11D3-BF4B-00C04F79EFBC}") = "Exercicio23", "Exercicio23\Exercicio23.csproj", "{F352710B-081D-4679-93B5-FF798378B4B9}"
EndProject
Project("{FAE04EC0-301F-11D3-BF4B-00C04F79EFBC}") = "Exercicio24", "Exercicio24\Exercicio24.csproj", "{F9E132C2-DAC1-417B-921A-3C2F16629AF4}"
EndProject
Project("{FAE04EC0-301F-11D3-BF4B-00C04F79EFBC}") = "Exercicio25", "Exercicio25\Exercicio25.csproj", "{6F7E3923-BCF3-4AAC-867B-DB8471EF10FD}"
EndProject
Global
	GlobalSection(SolutionConfigurationPlatforms) = preSolution
		Debug|Any CPU = Debug|Any CPU
		Release|Any CPU = Release|Any CPU
	EndGlobalSection
	GlobalSection(ProjectConfigurationPlatforms) = postSolution
		{C6121B5F-FA24-40C0-9EA1-68FA74DC4F5F}.Debug|Any CPU.ActiveCfg = Debug|Any CPU
		{C6121B5F-FA24-40C0-9EA1-68FA74DC4F5F}.Debug|Any CPU.Build.0 = Debug|Any CPU
		{C6121B5F-FA24-40C0-9EA1-68FA74DC4F5F}.Release|Any CPU.ActiveCfg = Release|Any CPU
		{C6121B5F-FA24-40C0-9EA1-68FA74DC4F5F}.Release|Any CPU.Build.0 = Release|Any CPU
		{29D6EB02-AAEE-416B-B1DC-43F8E5A53913}.Debug|Any CPU.ActiveCfg = Debug|Any CPU
		{29D6EB02-AAEE-416B-B1DC-43F8E5A53913}.Debug|Any CPU.Build.0 = Debug|Any CPU
		{29D6EB02-AAEE-416B-B1DC-43F8E5A53913}.Release|Any CPU.ActiveCfg = Release|Any CPU
		{29D6EB02-AAEE-416B-B1DC-43F8E5A53913}.Release|Any CPU.Build.0 = Release|Any CPU
		{85319DE7-40A4-4F34-BF21-2D0D1FAF7F1E}.Debug|Any CPU.ActiveCfg = Debug|Any CPU
		{85319DE7-40A4-4F34-BF21-2D0D1FAF7F1E}.Debug|Any CPU.Build.0 = Debug|Any CPU
		{85319DE7-40A4-4F34-BF21-2D0D1FAF7F1E}.Release|Any CPU.ActiveCfg = Release|Any CPU
		{85319DE7-40A4-4F34-BF21-2D0D1FAF7F1E}.Release|Any CPU.Build.0 = Release|Any CPU
		{E9C11617-32DB-4083-A858-FBDCDDB91B32}.Debug|Any CPU.ActiveCfg = Debug|Any CPU
		{E9C11617-32DB-4083-A858-FBDCDDB91B32}.Debug|Any CPU.Build.0 = Debug|Any CPU
		{E9C11617-32DB-4083-A858-FBDCDDB91B32}.Release|Any CPU.ActiveCfg = Release|Any CPU
		{E9C11617-32DB-4083-A858-FBDCDDB91B32}.Release|Any CPU.Build.0 = Release|Any CPU
		{C926CBB9-1016-4301-B1FA-C804C31B3CF7}.Debug|Any CPU.ActiveCfg = Debug|Any CPU
		{C926CBB9-1016-4301-B1FA-C804C31B3CF7}.Debug|Any CPU.Build.0 = Debug|Any CPU
		{C926CBB9-1016-4301-B1FA-C804C31B3CF7}.Release|Any CPU.ActiveCfg = Release|Any CPU
		{C926CBB9-1016-4301-B1FA-C804C31B3CF7}.Release|Any CPU.Build.0 = Release|Any CPU
		{56351948-2A30-461D-A542-CF3600B7B88B}.Debug|Any CPU.ActiveCfg = Debug|Any CPU
		{56351948-2A30-461D-A542-CF3600B7B88B}.Debug|Any CPU.Build.0 = Debug|Any CPU
		{56351948-2A30-461D-A542-CF3600B7B88B}.Release|Any CPU.ActiveCfg = Release|Any CPU
		{56351948-2A30-461D-A542-CF3600B7B88B}.Release|Any CPU.Build.0 = Release|Any CPU
		{479B782B-5884-4B5A-9DC0-D9B0DA131FA6}.Debug|Any CPU.ActiveCfg = Debug|Any CPU
		{479B782B-5884-4B5A-9DC0-D9B0DA131FA6}.Debug|Any CPU.Build.0 = Debug|Any CPU
		{479B782B-5884-4B5A-9DC0-D9B0DA131FA6}.Release|Any CPU.ActiveCfg = Release|Any CPU
		{479B782B-5884-4B5A-9DC0-D9B0DA131FA6}.Release|Any CPU.Build.0 = Release|Any CPU
		{916F0A4A-0B5C-46B2-AF7F-2BE049268F37}.Debug|Any CPU.ActiveCfg = Debug|Any CPU
		{916F0A4A-0B5C-46B2-AF7F-2BE049268F37}.Debug|Any CPU.Build.0 = Debug|Any CPU
		{916F0A4A-0B5C-46B2-AF7F-2BE049268F37}.Release|Any CPU.ActiveCfg = Release|Any CPU
		{916F0A4A-0B5C-46B2-AF7F-2BE049268F37}.Release|Any CPU.Build.0 = Release|Any CPU
		{51C14D7A-122E-44DE-9044-E1660728781E}.Debug|Any CPU.ActiveCfg = Debug|Any CPU
		{51C14D7A-122E-44DE-9044-E1660728781E}.Debug|Any CPU.Build.0 = Debug|Any CPU
		{51C14D7A-122E-44DE-9044-E1660728781E}.Release|Any CPU.ActiveCfg = Release|Any CPU
		{51C14D7A-122E-44DE-9044-E1660728781E}.Release|Any CPU.Build.0 = Release|Any CPU
		{BBCCC56F-F7F3-4105-ACA4-53EB1519E953}.Debug|Any CPU.ActiveCfg = Debug|Any CPU
		{BBCCC56F-F7F3-4105-ACA4-53EB1519E953}.Debug|Any CPU.Build.0 = Debug|Any CPU
		{BBCCC56F-F7F3-4105-ACA4-53EB1519E953}.Release|Any CPU.ActiveCfg = Release|Any CPU
		{BBCCC56F-F7F3-4105-ACA4-53EB1519E953}.Release|Any CPU.Build.0 = Release|Any CPU
		{7BAA0DA8-C509-4E6D-A609-B7A8FB0DEC67}.Debug|Any CPU.ActiveCfg = Debug|Any CPU
		{7BAA0DA8-C509-4E6D-A609-B7A8FB0DEC67}.Debug|Any CPU.Build.0 = Debug|Any CPU
		{7BAA0DA8-C509-4E6D-A609-B7A8FB0DEC67}.Release|Any CPU.ActiveCfg = Release|Any CPU
		{7BAA0DA8-C509-4E6D-A609-B7A8FB0DEC67}.Release|Any CPU.Build.0 = Release|Any CPU
		{60F3CF7C-E1AB-4865-AB6D-FEB1568C93D4}.Debug|Any CPU.ActiveCfg = Debug|Any CPU
		{60F3CF7C-E1AB-4865-AB6D-FEB1568C93D4}.Debug|Any CPU.Build.0 = Debug|Any CPU
		{60F3CF7C-E1AB-4865-AB6D-FEB1568C93D4}.Release|Any CPU.ActiveCfg = Release|Any CPU
		{60F3CF7C-E1AB-4865-AB6D-FEB1568C93D4}.Release|Any CPU.Build.0 = Release|Any CPU
		{B2862FB0-668B-40EA-A930-21309F052843}.Debug|Any CPU.ActiveCfg = Debug|Any CPU
		{B2862FB0-668B-40EA-A930-21309F052843}.Debug|Any CPU.Build.0 = Debug|Any CPU
		{B2862FB0-668B-40EA-A930-21309F052843}.Release|Any CPU.ActiveCfg = Release|Any CPU
		{B2862FB0-668B-40EA-A930-21309F052843}.Release|Any CPU.Build.0 = Release|Any CPU
		{9FECF590-AF94-428C-8B52-30AB29325653}.Debug|Any CPU.ActiveCfg = Debug|Any CPU
		{9FECF590-AF94-428C-8B52-30AB29325653}.Debug|Any CPU.Build.0 = Debug|Any CPU
		{9FECF590-AF94-428C-8B52-30AB29325653}.Release|Any CPU.ActiveCfg = Release|Any CPU
		{9FECF590-AF94-428C-8B52-30AB29325653}.Release|Any CPU.Build.0 = Release|Any CPU
		{5A790348-1DE3-4090-942A-999050FC1CD0}.Debug|Any CPU.ActiveCfg = Debug|Any CPU
		{5A790348-1DE3-4090-942A-999050FC1CD0}.Debug|Any CPU.Build.0 = Debug|Any CPU
		{5A790348-1DE3-4090-942A-999050FC1CD0}.Release|Any CPU.ActiveCfg = Release|Any CPU
		{5A790348-1DE3-4090-942A-999050FC1CD0}.Release|Any CPU.Build.0 = Release|Any CPU
		{CF049AD0-BB75-402C-AD62-7B2CDB28DFDE}.Debug|Any CPU.ActiveCfg = Debug|Any CPU
		{CF049AD0-BB75-402C-AD62-7B2CDB28DFDE}.Debug|Any CPU.Build.0 = Debug|Any CPU
		{CF049AD0-BB75-402C-AD62-7B2CDB28DFDE}.Release|Any CPU.ActiveCfg = Release|Any CPU
		{CF049AD0-BB75-402C-AD62-7B2CDB28DFDE}.Release|Any CPU.Build.0 = Release|Any CPU
		{427B29D9-AA4C-4D46-B3AA-4742C7D9D93D}.Debug|Any CPU.ActiveCfg = Debug|Any CPU
		{427B29D9-AA4C-4D46-B3AA-4742C7D9D93D}.Debug|Any CPU.Build.0 = Debug|Any CPU
		{427B29D9-AA4C-4D46-B3AA-4742C7D9D93D}.Release|Any CPU.ActiveCfg = Release|Any CPU
		{427B29D9-AA4C-4D46-B3AA-4742C7D9D93D}.Release|Any CPU.Build.0 = Release|Any CPU
		{A49DEF10-3F0B-46BD-8A98-592D86F0087A}.Debug|Any CPU.ActiveCfg = Debug|Any CPU
		{A49DEF10-3F0B-46BD-8A98-592D86F0087A}.Debug|Any CPU.Build.0 = Debug|Any CPU
		{A49DEF10-3F0B-46BD-8A98-592D86F0087A}.Release|Any CPU.ActiveCfg = Release|Any CPU
		{A49DEF10-3F0B-46BD-8A98-592D86F0087A}.Release|Any CPU.Build.0 = Release|Any CPU
		{F32CC35A-2F6F-4404-8443-BFD90224E4D0}.Debug|Any CPU.ActiveCfg = Debug|Any CPU
		{F32CC35A-2F6F-4404-8443-BFD90224E4D0}.Debug|Any CPU.Build.0 = Debug|Any CPU
		{F32CC35A-2F6F-4404-8443-BFD90224E4D0}.Release|Any CPU.ActiveCfg = Release|Any CPU
		{F32CC35A-2F6F-4404-8443-BFD90224E4D0}.Release|Any CPU.Build.0 = Release|Any CPU
		{683D3E62-4485-474F-A8B2-DA717213B2E6}.Debug|Any CPU.ActiveCfg = Debug|Any CPU
		{683D3E62-4485-474F-A8B2-DA717213B2E6}.Debug|Any CPU.Build.0 = Debug|Any CPU
		{683D3E62-4485-474F-A8B2-DA717213B2E6}.Release|Any CPU.ActiveCfg = Release|Any CPU
		{683D3E62-4485-474F-A8B2-DA717213B2E6}.Release|Any CPU.Build.0 = Release|Any CPU
		{01902F4E-4914-4A52-B8CD-5A7C58C2E314}.Debug|Any CPU.ActiveCfg = Debug|Any CPU
		{01902F4E-4914-4A52-B8CD-5A7C58C2E314}.Debug|Any CPU.Build.0 = Debug|Any CPU
		{01902F4E-4914-4A52-B8CD-5A7C58C2E314}.Release|Any CPU.ActiveCfg = Release|Any CPU
		{01902F4E-4914-4A52-B8CD-5A7C58C2E314}.Release|Any CPU.Build.0 = Release|Any CPU
		{22533D8D-E082-4761-AE1E-572B1E1AE152}.Debug|Any CPU.ActiveCfg = Debug|Any CPU
		{22533D8D-E082-4761-AE1E-572B1E1AE152}.Debug|Any CPU.Build.0 = Debug|Any CPU
		{22533D8D-E082-4761-AE1E-572B1E1AE152}.Release|Any CPU.ActiveCfg = Release|Any CPU
		{22533D8D-E082-4761-AE1E-572B1E1AE152}.Release|Any CPU.Build.0 = Release|Any CPU
		{F352710B-081D-4679-93B5-FF798378B4B9}.Debug|Any CPU.ActiveCfg = Debug|Any CPU
		{F352710B-081D-4679-93B5-FF798378B4B9}.Debug|Any CPU.Build.0 = Debug|Any CPU
		{F352710B-081D-4679-93B5-FF798378B4B9}.Release|Any CPU.ActiveCfg = Release|Any CPU
		{F352710B-081D-4679-93B5-FF798378B4B9}.Release|Any CPU.Build.0 = Release|Any CPU
		{F9E132C2-DAC1-417B-921A-3C2F16629AF4}.Debug|Any CPU.ActiveCfg = Debug|Any CPU
		{F9E132C2-DAC1-417B-921A-3C2F16629AF4}.Debug|Any CPU.Build.0 = Debug|Any CPU
		{F9E132C2-DAC1-417B-921A-3C2F16629AF4}.Release|Any CPU.ActiveCfg = Release|Any CPU
		{F9E132C2-DAC1-417B-921A-3C2F16629AF4}.Release|Any CPU.Build.0 = Release|Any CPU
		{6F7E3923-BCF3-4AAC-867B-DB8471EF10FD}.Debug|Any CPU.ActiveCfg = Debug|Any CPU
		{6F7E3923-BCF3-4AAC-867B-DB8471EF10FD}.Debug|Any CPU.Build.0 = Debug|Any CPU
		{6F7E3923-BCF3-4AAC-867B-DB8471EF10FD}.Release|Any CPU.ActiveCfg = Release|Any CPU
		{6F7E3923-BCF3-4AAC-867B-DB8471EF10FD}.Release|Any CPU.Build.0 = Release|Any CPU
	EndGlobalSection
	GlobalSection(SolutionProperties) = preSolution
		HideSolutionNode = FALSE
	EndGlobalSection
	GlobalSection(ExtensibilityGlobals) = postSolution
		SolutionGuid = {177204B4-D36F-4DF6-AFB6-82D1FB821F80}
	EndGlobalSection
EndGlobal
