
Microsoft Visual Studio Solution File, Format Version 12.00
# Visual Studio Version 16
VisualStudioVersion = 16.0.31005.135
MinimumVisualStudioVersion = 10.0.40219.1
Project("{FAE04EC0-301F-11D3-BF4B-00C04F79EFBC}") = "Exercicio1", "AtividadePagina5\Exercicio1.csproj", "{E3D5C1A8-CF40-4073-8C93-D9932C6F9FC3}"
EndProject
Project("{FAE04EC0-301F-11D3-BF4B-00C04F79EFBC}") = "Exercicio2", "Exercicio2\Exercicio2.csproj", "{387BC90B-8381-4FF5-B45D-8C0E64AA9A9A}"
EndProject
Project("{FAE04EC0-301F-11D3-BF4B-00C04F79EFBC}") = "Exercicio3", "Exercicio3\Exercicio3.csproj", "{4BA72BD7-FE72-490F-B30A-E7F55356CD5A}"
EndProject
Project("{FAE04EC0-301F-11D3-BF4B-00C04F79EFBC}") = "Exercicio4", "Exercicio4\Exercicio4.csproj", "{72DF1A43-5516-4ABE-ABAA-81E0ADD1DBDD}"
EndProject
Project("{FAE04EC0-301F-11D3-BF4B-00C04F79EFBC}") = "Exercicio5", "Exercicio5\Exercicio5.csproj", "{288E0A1B-1116-4F4E-B3AF-153A492D882B}"
EndProject
Project("{FAE04EC0-301F-11D3-BF4B-00C04F79EFBC}") = "Exercicio6", "Exercicio6\Exercicio6.csproj", "{EE276487-2673-4B6E-AA16-BE663DF38749}"
EndProject
Project("{FAE04EC0-301F-11D3-BF4B-00C04F79EFBC}") = "Exercicio7", "Exercicio7\Exercicio7.csproj", "{6D0C3D6F-2827-42BE-B162-6C2C2E3D9C12}"
EndProject
Project("{FAE04EC0-301F-11D3-BF4B-00C04F79EFBC}") = "Exercicio8", "Exercicio8\Exercicio8.csproj", "{2B126159-0B09-41F1-A905-B0A82CD0A3E4}"
EndProject
Project("{FAE04EC0-301F-11D3-BF4B-00C04F79EFBC}") = "Exercicio9", "Exercicio9\Exercicio9.csproj", "{4D7334AE-B66B-4E84-8CD1-1036EDA27667}"
EndProject
Project("{FAE04EC0-301F-11D3-BF4B-00C04F79EFBC}") = "Exercicio10", "Exercicio10\Exercicio10.csproj", "{A9BFAC4C-9845-4173-B90D-D0D9C7A36613}"
EndProject
Project("{FAE04EC0-301F-11D3-BF4B-00C04F79EFBC}") = "Exercicio11", "Exercicio11\Exercicio11.csproj", "{33D0AF78-627E-4662-A050-A0254E9A7011}"
EndProject
Project("{FAE04EC0-301F-11D3-BF4B-00C04F79EFBC}") = "Exercicio12", "Exercicio12\Exercicio12.csproj", "{513F3E3C-DDE0-4F46-8465-6959C6483C75}"
EndProject
Project("{FAE04EC0-301F-11D3-BF4B-00C04F79EFBC}") = "Exercicio13", "Exercicio13\Exercicio13.csproj", "{8B348C04-0903-4B07-BCCE-3C29DF09646C}"
EndProject
Project("{FAE04EC0-301F-11D3-BF4B-00C04F79EFBC}") = "Exercicio14", "Exercicio14\Exercicio14.csproj", "{7834D697-F246-46C4-ACF8-9C6F897B1C44}"
EndProject
Project("{FAE04EC0-301F-11D3-BF4B-00C04F79EFBC}") = "Exercicio15", "Exercicio15\Exercicio15.csproj", "{CD303154-AE89-4D45-A3FF-990EB111B4AD}"
EndProject
Project("{FAE04EC0-301F-11D3-BF4B-00C04F79EFBC}") = "Exercicicio16", "Exercicicio16\Exercicicio16.csproj", "{3127577D-1B24-46F0-A582-21C9F08E71CA}"
EndProject
Project("{FAE04EC0-301F-11D3-BF4B-00C04F79EFBC}") = "Exercicicio17", "Exercicicio17\Exercicicio17.csproj", "{76B28E4F-9C6B-4456-80E2-A1C6D72D7735}"
EndProject
Project("{FAE04EC0-301F-11D3-BF4B-00C04F79EFBC}") = "Exercicicio18", "Exercicicio18\Exercicicio18.csproj", "{AC760E6C-3725-43E2-8746-F5143E32163C}"
EndProject
Project("{FAE04EC0-301F-11D3-BF4B-00C04F79EFBC}") = "Exercicicio19", "Exercicicio19\Exercicicio19.csproj", "{D5AC9170-BEB6-4BFF-BA60-D95DBD1CF403}"
EndProject
Project("{FAE04EC0-301F-11D3-BF4B-00C04F79EFBC}") = "Exercicicio20", "Exercicicio20\Exercicicio20.csproj", "{47B4B93C-DBA6-4E25-AA52-F88D75D52ED4}"
EndProject
Project("{FAE04EC0-301F-11D3-BF4B-00C04F79EFBC}") = "Exercicio21", "Exercicio21\Exercicio21.csproj", "{F89788F6-ED31-4B00-90BC-FCE42AA0A76A}"
EndProject
Project("{FAE04EC0-301F-11D3-BF4B-00C04F79EFBC}") = "Exercicio22", "Exercicio22\Exercicio22.csproj", "{ED021C30-FC29-46EB-81E8-5505ADD09178}"
EndProject
Project("{FAE04EC0-301F-11D3-BF4B-00C04F79EFBC}") = "Exercicio23", "Exercicio23\Exercicio23.csproj", "{2CD6C1D0-DD9A-49D6-86C5-D596E9D343E0}"
EndProject
Project("{FAE04EC0-301F-11D3-BF4B-00C04F79EFBC}") = "Exercicio24", "Exercicio24\Exercicio24.csproj", "{1A61C4D9-BDFD-4162-92E7-45CB99F59BAF}"
EndProject
Project("{FAE04EC0-301F-11D3-BF4B-00C04F79EFBC}") = "Exercicio25", "Exercicio25\Exercicio25.csproj", "{0182694A-C06F-4B09-8A39-3056C47F47DC}"
EndProject
Project("{FAE04EC0-301F-11D3-BF4B-00C04F79EFBC}") = "Exercicio26", "Exercicio26\Exercicio26.csproj", "{D073E125-CF90-47F0-B656-80681347AF21}"
EndProject
Project("{FAE04EC0-301F-11D3-BF4B-00C04F79EFBC}") = "Exercicio27", "Exercicio27\Exercicio27.csproj", "{2944EB59-CE5F-45F5-B503-AAEE883893F1}"
EndProject
Project("{FAE04EC0-301F-11D3-BF4B-00C04F79EFBC}") = "Exercicio28", "Exercicio28\Exercicio28.csproj", "{12DEFB4A-6FA7-44C6-B200-1A1C6D94A5B2}"
EndProject
Project("{FAE04EC0-301F-11D3-BF4B-00C04F79EFBC}") = "Exercicio29", "Exercicio29\Exercicio29.csproj", "{9792414F-5E35-448B-B2B0-3A624A5489D6}"
EndProject
Project("{FAE04EC0-301F-11D3-BF4B-00C04F79EFBC}") = "Exercicio30", "Exercicio30\Exercicio30.csproj", "{4718936A-D852-4DCF-87A0-5326DAB5DF85}"
EndProject
Project("{FAE04EC0-301F-11D3-BF4B-00C04F79EFBC}") = "Exercicio31", "Exercicio31\Exercicio31.csproj", "{B5981118-7E27-48DD-8711-C363BD82B56F}"
EndProject
Project("{FAE04EC0-301F-11D3-BF4B-00C04F79EFBC}") = "Exercicio32", "Exercicio32\Exercicio32.csproj", "{DFB66BD7-596D-4573-8798-F598EB41CEDF}"
EndProject
Project("{FAE04EC0-301F-11D3-BF4B-00C04F79EFBC}") = "Exercicio33", "Exercicio33\Exercicio33.csproj", "{10D9512F-5C46-4889-BA12-618F832C4054}"
EndProject
Project("{FAE04EC0-301F-11D3-BF4B-00C04F79EFBC}") = "Exercicio34", "Exercicio34\Exercicio34.csproj", "{4501A066-0C6D-420C-84B5-E796313FF7ED}"
EndProject
Project("{FAE04EC0-301F-11D3-BF4B-00C04F79EFBC}") = "Exercicio35", "Exercicio35\Exercicio35.csproj", "{495F536C-8291-4161-B6ED-4327DF897448}"
EndProject
Global
	GlobalSection(SolutionConfigurationPlatforms) = preSolution
		Debug|Any CPU = Debug|Any CPU
		Release|Any CPU = Release|Any CPU
	EndGlobalSection
	GlobalSection(ProjectConfigurationPlatforms) = postSolution
		{E3D5C1A8-CF40-4073-8C93-D9932C6F9FC3}.Debug|Any CPU.ActiveCfg = Debug|Any CPU
		{E3D5C1A8-CF40-4073-8C93-D9932C6F9FC3}.Debug|Any CPU.Build.0 = Debug|Any CPU
		{E3D5C1A8-CF40-4073-8C93-D9932C6F9FC3}.Release|Any CPU.ActiveCfg = Release|Any CPU
		{E3D5C1A8-CF40-4073-8C93-D9932C6F9FC3}.Release|Any CPU.Build.0 = Release|Any CPU
		{387BC90B-8381-4FF5-B45D-8C0E64AA9A9A}.Debug|Any CPU.ActiveCfg = Debug|Any CPU
		{387BC90B-8381-4FF5-B45D-8C0E64AA9A9A}.Debug|Any CPU.Build.0 = Debug|Any CPU
		{387BC90B-8381-4FF5-B45D-8C0E64AA9A9A}.Release|Any CPU.ActiveCfg = Release|Any CPU
		{387BC90B-8381-4FF5-B45D-8C0E64AA9A9A}.Release|Any CPU.Build.0 = Release|Any CPU
		{4BA72BD7-FE72-490F-B30A-E7F55356CD5A}.Debug|Any CPU.ActiveCfg = Debug|Any CPU
		{4BA72BD7-FE72-490F-B30A-E7F55356CD5A}.Debug|Any CPU.Build.0 = Debug|Any CPU
		{4BA72BD7-FE72-490F-B30A-E7F55356CD5A}.Release|Any CPU.ActiveCfg = Release|Any CPU
		{4BA72BD7-FE72-490F-B30A-E7F55356CD5A}.Release|Any CPU.Build.0 = Release|Any CPU
		{72DF1A43-5516-4ABE-ABAA-81E0ADD1DBDD}.Debug|Any CPU.ActiveCfg = Debug|Any CPU
		{72DF1A43-5516-4ABE-ABAA-81E0ADD1DBDD}.Debug|Any CPU.Build.0 = Debug|Any CPU
		{72DF1A43-5516-4ABE-ABAA-81E0ADD1DBDD}.Release|Any CPU.ActiveCfg = Release|Any CPU
		{72DF1A43-5516-4ABE-ABAA-81E0ADD1DBDD}.Release|Any CPU.Build.0 = Release|Any CPU
		{288E0A1B-1116-4F4E-B3AF-153A492D882B}.Debug|Any CPU.ActiveCfg = Debug|Any CPU
		{288E0A1B-1116-4F4E-B3AF-153A492D882B}.Debug|Any CPU.Build.0 = Debug|Any CPU
		{288E0A1B-1116-4F4E-B3AF-153A492D882B}.Release|Any CPU.ActiveCfg = Release|Any CPU
		{288E0A1B-1116-4F4E-B3AF-153A492D882B}.Release|Any CPU.Build.0 = Release|Any CPU
		{EE276487-2673-4B6E-AA16-BE663DF38749}.Debug|Any CPU.ActiveCfg = Debug|Any CPU
		{EE276487-2673-4B6E-AA16-BE663DF38749}.Debug|Any CPU.Build.0 = Debug|Any CPU
		{EE276487-2673-4B6E-AA16-BE663DF38749}.Release|Any CPU.ActiveCfg = Release|Any CPU
		{EE276487-2673-4B6E-AA16-BE663DF38749}.Release|Any CPU.Build.0 = Release|Any CPU
		{6D0C3D6F-2827-42BE-B162-6C2C2E3D9C12}.Debug|Any CPU.ActiveCfg = Debug|Any CPU
		{6D0C3D6F-2827-42BE-B162-6C2C2E3D9C12}.Debug|Any CPU.Build.0 = Debug|Any CPU
		{6D0C3D6F-2827-42BE-B162-6C2C2E3D9C12}.Release|Any CPU.ActiveCfg = Release|Any CPU
		{6D0C3D6F-2827-42BE-B162-6C2C2E3D9C12}.Release|Any CPU.Build.0 = Release|Any CPU
		{2B126159-0B09-41F1-A905-B0A82CD0A3E4}.Debug|Any CPU.ActiveCfg = Debug|Any CPU
		{2B126159-0B09-41F1-A905-B0A82CD0A3E4}.Debug|Any CPU.Build.0 = Debug|Any CPU
		{2B126159-0B09-41F1-A905-B0A82CD0A3E4}.Release|Any CPU.ActiveCfg = Release|Any CPU
		{2B126159-0B09-41F1-A905-B0A82CD0A3E4}.Release|Any CPU.Build.0 = Release|Any CPU
		{4D7334AE-B66B-4E84-8CD1-1036EDA27667}.Debug|Any CPU.ActiveCfg = Debug|Any CPU
		{4D7334AE-B66B-4E84-8CD1-1036EDA27667}.Debug|Any CPU.Build.0 = Debug|Any CPU
		{4D7334AE-B66B-4E84-8CD1-1036EDA27667}.Release|Any CPU.ActiveCfg = Release|Any CPU
		{4D7334AE-B66B-4E84-8CD1-1036EDA27667}.Release|Any CPU.Build.0 = Release|Any CPU
		{A9BFAC4C-9845-4173-B90D-D0D9C7A36613}.Debug|Any CPU.ActiveCfg = Debug|Any CPU
		{A9BFAC4C-9845-4173-B90D-D0D9C7A36613}.Debug|Any CPU.Build.0 = Debug|Any CPU
		{A9BFAC4C-9845-4173-B90D-D0D9C7A36613}.Release|Any CPU.ActiveCfg = Release|Any CPU
		{A9BFAC4C-9845-4173-B90D-D0D9C7A36613}.Release|Any CPU.Build.0 = Release|Any CPU
		{33D0AF78-627E-4662-A050-A0254E9A7011}.Debug|Any CPU.ActiveCfg = Debug|Any CPU
		{33D0AF78-627E-4662-A050-A0254E9A7011}.Debug|Any CPU.Build.0 = Debug|Any CPU
		{33D0AF78-627E-4662-A050-A0254E9A7011}.Release|Any CPU.ActiveCfg = Release|Any CPU
		{33D0AF78-627E-4662-A050-A0254E9A7011}.Release|Any CPU.Build.0 = Release|Any CPU
		{513F3E3C-DDE0-4F46-8465-6959C6483C75}.Debug|Any CPU.ActiveCfg = Debug|Any CPU
		{513F3E3C-DDE0-4F46-8465-6959C6483C75}.Debug|Any CPU.Build.0 = Debug|Any CPU
		{513F3E3C-DDE0-4F46-8465-6959C6483C75}.Release|Any CPU.ActiveCfg = Release|Any CPU
		{513F3E3C-DDE0-4F46-8465-6959C6483C75}.Release|Any CPU.Build.0 = Release|Any CPU
		{8B348C04-0903-4B07-BCCE-3C29DF09646C}.Debug|Any CPU.ActiveCfg = Debug|Any CPU
		{8B348C04-0903-4B07-BCCE-3C29DF09646C}.Debug|Any CPU.Build.0 = Debug|Any CPU
		{8B348C04-0903-4B07-BCCE-3C29DF09646C}.Release|Any CPU.ActiveCfg = Release|Any CPU
		{8B348C04-0903-4B07-BCCE-3C29DF09646C}.Release|Any CPU.Build.0 = Release|Any CPU
		{7834D697-F246-46C4-ACF8-9C6F897B1C44}.Debug|Any CPU.ActiveCfg = Debug|Any CPU
		{7834D697-F246-46C4-ACF8-9C6F897B1C44}.Debug|Any CPU.Build.0 = Debug|Any CPU
		{7834D697-F246-46C4-ACF8-9C6F897B1C44}.Release|Any CPU.ActiveCfg = Release|Any CPU
		{7834D697-F246-46C4-ACF8-9C6F897B1C44}.Release|Any CPU.Build.0 = Release|Any CPU
		{CD303154-AE89-4D45-A3FF-990EB111B4AD}.Debug|Any CPU.ActiveCfg = Debug|Any CPU
		{CD303154-AE89-4D45-A3FF-990EB111B4AD}.Debug|Any CPU.Build.0 = Debug|Any CPU
		{CD303154-AE89-4D45-A3FF-990EB111B4AD}.Release|Any CPU.ActiveCfg = Release|Any CPU
		{CD303154-AE89-4D45-A3FF-990EB111B4AD}.Release|Any CPU.Build.0 = Release|Any CPU
		{3127577D-1B24-46F0-A582-21C9F08E71CA}.Debug|Any CPU.ActiveCfg = Debug|Any CPU
		{3127577D-1B24-46F0-A582-21C9F08E71CA}.Debug|Any CPU.Build.0 = Debug|Any CPU
		{3127577D-1B24-46F0-A582-21C9F08E71CA}.Release|Any CPU.ActiveCfg = Release|Any CPU
		{3127577D-1B24-46F0-A582-21C9F08E71CA}.Release|Any CPU.Build.0 = Release|Any CPU
		{76B28E4F-9C6B-4456-80E2-A1C6D72D7735}.Debug|Any CPU.ActiveCfg = Debug|Any CPU
		{76B28E4F-9C6B-4456-80E2-A1C6D72D7735}.Debug|Any CPU.Build.0 = Debug|Any CPU
		{76B28E4F-9C6B-4456-80E2-A1C6D72D7735}.Release|Any CPU.ActiveCfg = Release|Any CPU
		{76B28E4F-9C6B-4456-80E2-A1C6D72D7735}.Release|Any CPU.Build.0 = Release|Any CPU
		{AC760E6C-3725-43E2-8746-F5143E32163C}.Debug|Any CPU.ActiveCfg = Debug|Any CPU
		{AC760E6C-3725-43E2-8746-F5143E32163C}.Debug|Any CPU.Build.0 = Debug|Any CPU
		{AC760E6C-3725-43E2-8746-F5143E32163C}.Release|Any CPU.ActiveCfg = Release|Any CPU
		{AC760E6C-3725-43E2-8746-F5143E32163C}.Release|Any CPU.Build.0 = Release|Any CPU
		{D5AC9170-BEB6-4BFF-BA60-D95DBD1CF403}.Debug|Any CPU.ActiveCfg = Debug|Any CPU
		{D5AC9170-BEB6-4BFF-BA60-D95DBD1CF403}.Debug|Any CPU.Build.0 = Debug|Any CPU
		{D5AC9170-BEB6-4BFF-BA60-D95DBD1CF403}.Release|Any CPU.ActiveCfg = Release|Any CPU
		{D5AC9170-BEB6-4BFF-BA60-D95DBD1CF403}.Release|Any CPU.Build.0 = Release|Any CPU
		{47B4B93C-DBA6-4E25-AA52-F88D75D52ED4}.Debug|Any CPU.ActiveCfg = Debug|Any CPU
		{47B4B93C-DBA6-4E25-AA52-F88D75D52ED4}.Debug|Any CPU.Build.0 = Debug|Any CPU
		{47B4B93C-DBA6-4E25-AA52-F88D75D52ED4}.Release|Any CPU.ActiveCfg = Release|Any CPU
		{47B4B93C-DBA6-4E25-AA52-F88D75D52ED4}.Release|Any CPU.Build.0 = Release|Any CPU
		{F89788F6-ED31-4B00-90BC-FCE42AA0A76A}.Debug|Any CPU.ActiveCfg = Debug|Any CPU
		{F89788F6-ED31-4B00-90BC-FCE42AA0A76A}.Debug|Any CPU.Build.0 = Debug|Any CPU
		{F89788F6-ED31-4B00-90BC-FCE42AA0A76A}.Release|Any CPU.ActiveCfg = Release|Any CPU
		{F89788F6-ED31-4B00-90BC-FCE42AA0A76A}.Release|Any CPU.Build.0 = Release|Any CPU
		{ED021C30-FC29-46EB-81E8-5505ADD09178}.Debug|Any CPU.ActiveCfg = Debug|Any CPU
		{ED021C30-FC29-46EB-81E8-5505ADD09178}.Debug|Any CPU.Build.0 = Debug|Any CPU
		{ED021C30-FC29-46EB-81E8-5505ADD09178}.Release|Any CPU.ActiveCfg = Release|Any CPU
		{ED021C30-FC29-46EB-81E8-5505ADD09178}.Release|Any CPU.Build.0 = Release|Any CPU
		{2CD6C1D0-DD9A-49D6-86C5-D596E9D343E0}.Debug|Any CPU.ActiveCfg = Debug|Any CPU
		{2CD6C1D0-DD9A-49D6-86C5-D596E9D343E0}.Debug|Any CPU.Build.0 = Debug|Any CPU
		{2CD6C1D0-DD9A-49D6-86C5-D596E9D343E0}.Release|Any CPU.ActiveCfg = Release|Any CPU
		{2CD6C1D0-DD9A-49D6-86C5-D596E9D343E0}.Release|Any CPU.Build.0 = Release|Any CPU
		{1A61C4D9-BDFD-4162-92E7-45CB99F59BAF}.Debug|Any CPU.ActiveCfg = Debug|Any CPU
		{1A61C4D9-BDFD-4162-92E7-45CB99F59BAF}.Debug|Any CPU.Build.0 = Debug|Any CPU
		{1A61C4D9-BDFD-4162-92E7-45CB99F59BAF}.Release|Any CPU.ActiveCfg = Release|Any CPU
		{1A61C4D9-BDFD-4162-92E7-45CB99F59BAF}.Release|Any CPU.Build.0 = Release|Any CPU
		{0182694A-C06F-4B09-8A39-3056C47F47DC}.Debug|Any CPU.ActiveCfg = Debug|Any CPU
		{0182694A-C06F-4B09-8A39-3056C47F47DC}.Debug|Any CPU.Build.0 = Debug|Any CPU
		{0182694A-C06F-4B09-8A39-3056C47F47DC}.Release|Any CPU.ActiveCfg = Release|Any CPU
		{0182694A-C06F-4B09-8A39-3056C47F47DC}.Release|Any CPU.Build.0 = Release|Any CPU
		{D073E125-CF90-47F0-B656-80681347AF21}.Debug|Any CPU.ActiveCfg = Debug|Any CPU
		{D073E125-CF90-47F0-B656-80681347AF21}.Debug|Any CPU.Build.0 = Debug|Any CPU
		{D073E125-CF90-47F0-B656-80681347AF21}.Release|Any CPU.ActiveCfg = Release|Any CPU
		{D073E125-CF90-47F0-B656-80681347AF21}.Release|Any CPU.Build.0 = Release|Any CPU
		{2944EB59-CE5F-45F5-B503-AAEE883893F1}.Debug|Any CPU.ActiveCfg = Debug|Any CPU
		{2944EB59-CE5F-45F5-B503-AAEE883893F1}.Debug|Any CPU.Build.0 = Debug|Any CPU
		{2944EB59-CE5F-45F5-B503-AAEE883893F1}.Release|Any CPU.ActiveCfg = Release|Any CPU
		{2944EB59-CE5F-45F5-B503-AAEE883893F1}.Release|Any CPU.Build.0 = Release|Any CPU
		{12DEFB4A-6FA7-44C6-B200-1A1C6D94A5B2}.Debug|Any CPU.ActiveCfg = Debug|Any CPU
		{12DEFB4A-6FA7-44C6-B200-1A1C6D94A5B2}.Debug|Any CPU.Build.0 = Debug|Any CPU
		{12DEFB4A-6FA7-44C6-B200-1A1C6D94A5B2}.Release|Any CPU.ActiveCfg = Release|Any CPU
		{12DEFB4A-6FA7-44C6-B200-1A1C6D94A5B2}.Release|Any CPU.Build.0 = Release|Any CPU
		{9792414F-5E35-448B-B2B0-3A624A5489D6}.Debug|Any CPU.ActiveCfg = Debug|Any CPU
		{9792414F-5E35-448B-B2B0-3A624A5489D6}.Debug|Any CPU.Build.0 = Debug|Any CPU
		{9792414F-5E35-448B-B2B0-3A624A5489D6}.Release|Any CPU.ActiveCfg = Release|Any CPU
		{9792414F-5E35-448B-B2B0-3A624A5489D6}.Release|Any CPU.Build.0 = Release|Any CPU
		{4718936A-D852-4DCF-87A0-5326DAB5DF85}.Debug|Any CPU.ActiveCfg = Debug|Any CPU
		{4718936A-D852-4DCF-87A0-5326DAB5DF85}.Debug|Any CPU.Build.0 = Debug|Any CPU
		{4718936A-D852-4DCF-87A0-5326DAB5DF85}.Release|Any CPU.ActiveCfg = Release|Any CPU
		{4718936A-D852-4DCF-87A0-5326DAB5DF85}.Release|Any CPU.Build.0 = Release|Any CPU
		{B5981118-7E27-48DD-8711-C363BD82B56F}.Debug|Any CPU.ActiveCfg = Debug|Any CPU
		{B5981118-7E27-48DD-8711-C363BD82B56F}.Debug|Any CPU.Build.0 = Debug|Any CPU
		{B5981118-7E27-48DD-8711-C363BD82B56F}.Release|Any CPU.ActiveCfg = Release|Any CPU
		{B5981118-7E27-48DD-8711-C363BD82B56F}.Release|Any CPU.Build.0 = Release|Any CPU
		{DFB66BD7-596D-4573-8798-F598EB41CEDF}.Debug|Any CPU.ActiveCfg = Debug|Any CPU
		{DFB66BD7-596D-4573-8798-F598EB41CEDF}.Debug|Any CPU.Build.0 = Debug|Any CPU
		{DFB66BD7-596D-4573-8798-F598EB41CEDF}.Release|Any CPU.ActiveCfg = Release|Any CPU
		{DFB66BD7-596D-4573-8798-F598EB41CEDF}.Release|Any CPU.Build.0 = Release|Any CPU
		{10D9512F-5C46-4889-BA12-618F832C4054}.Debug|Any CPU.ActiveCfg = Debug|Any CPU
		{10D9512F-5C46-4889-BA12-618F832C4054}.Debug|Any CPU.Build.0 = Debug|Any CPU
		{10D9512F-5C46-4889-BA12-618F832C4054}.Release|Any CPU.ActiveCfg = Release|Any CPU
		{10D9512F-5C46-4889-BA12-618F832C4054}.Release|Any CPU.Build.0 = Release|Any CPU
		{4501A066-0C6D-420C-84B5-E796313FF7ED}.Debug|Any CPU.ActiveCfg = Debug|Any CPU
		{4501A066-0C6D-420C-84B5-E796313FF7ED}.Debug|Any CPU.Build.0 = Debug|Any CPU
		{4501A066-0C6D-420C-84B5-E796313FF7ED}.Release|Any CPU.ActiveCfg = Release|Any CPU
		{4501A066-0C6D-420C-84B5-E796313FF7ED}.Release|Any CPU.Build.0 = Release|Any CPU
		{495F536C-8291-4161-B6ED-4327DF897448}.Debug|Any CPU.ActiveCfg = Debug|Any CPU
		{495F536C-8291-4161-B6ED-4327DF897448}.Debug|Any CPU.Build.0 = Debug|Any CPU
		{495F536C-8291-4161-B6ED-4327DF897448}.Release|Any CPU.ActiveCfg = Release|Any CPU
		{495F536C-8291-4161-B6ED-4327DF897448}.Release|Any CPU.Build.0 = Release|Any CPU
	EndGlobalSection
	GlobalSection(SolutionProperties) = preSolution
		HideSolutionNode = FALSE
	EndGlobalSection
	GlobalSection(ExtensibilityGlobals) = postSolution
		SolutionGuid = {031A3261-404E-4C7D-A5FC-EC2EDE7B816C}
	EndGlobalSection
EndGlobal
